
Microsoft Visual Studio Solution File, Format Version 12.00
# Visual Studio Version 17
VisualStudioVersion = 17.3.32929.385
MinimumVisualStudioVersion = 10.0.40219.1
Project("{FAE04EC0-301F-11D3-BF4B-00C04F79EFBC}") = "WindowsPresentacionColecciones", "WindowsPresentacionColecciones\WindowsPresentacionColecciones.csproj", "{22239B5E-38C9-48DF-B14C-2C99F8127301}"
EndProject
Project("{FAE04EC0-301F-11D3-BF4B-00C04F79EFBC}") = "LibEmpleado", "LibEmpleado\LibEmpleado.csproj", "{3A3658F5-EA6B-4CBD-8B96-E244DEE5AA53}"
EndProject
Global
	GlobalSection(SolutionConfigurationPlatforms) = preSolution
		Debug|Any CPU = Debug|Any CPU
		Release|Any CPU = Release|Any CPU
	EndGlobalSection
	GlobalSection(ProjectConfigurationPlatforms) = postSolution
		{22239B5E-38C9-48DF-B14C-2C99F8127301}.Debug|Any CPU.ActiveCfg = Debug|Any CPU
		{22239B5E-38C9-48DF-B14C-2C99F8127301}.Debug|Any CPU.Build.0 = Debug|Any CPU
		{22239B5E-38C9-48DF-B14C-2C99F8127301}.Release|Any CPU.ActiveCfg = Release|Any CPU
		{22239B5E-38C9-48DF-B14C-2C99F8127301}.Release|Any CPU.Build.0 = Release|Any CPU
		{3A3658F5-EA6B-4CBD-8B96-E244DEE5AA53}.Debug|Any CPU.ActiveCfg = Debug|Any CPU
		{3A3658F5-EA6B-4CBD-8B96-E244DEE5AA53}.Debug|Any CPU.Build.0 = Debug|Any CPU
		{3A3658F5-EA6B-4CBD-8B96-E244DEE5AA53}.Release|Any CPU.ActiveCfg = Release|Any CPU
		{3A3658F5-EA6B-4CBD-8B96-E244DEE5AA53}.Release|Any CPU.Build.0 = Release|Any CPU
	EndGlobalSection
	GlobalSection(SolutionProperties) = preSolution
		HideSolutionNode = FALSE
	EndGlobalSection
	GlobalSection(ExtensibilityGlobals) = postSolution
		SolutionGuid = {7E9C0DF8-5B3F-4BCD-B91C-7B0841D9DB38}
	EndGlobalSection
EndGlobal
