
Microsoft Visual Studio Solution File, Format Version 12.00
# Visual Studio Version 17
VisualStudioVersion = 17.3.32929.385
MinimumVisualStudioVersion = 10.0.40219.1
Project("{FAE04EC0-301F-11D3-BF4B-00C04F79EFBC}") = "WindowsEF", "WindowsEF\WindowsEF.csproj", "{9A223193-BAC7-4A62-9F05-60801EE2BE25}"
EndProject
Project("{FAE04EC0-301F-11D3-BF4B-00C04F79EFBC}") = "WindowsEFNorthwind", "WindowsEFNorthwind\WindowsEFNorthwind.csproj", "{535E3034-2490-43D8-AF3F-79AD663C3B3F}"
EndProject
Project("{FAE04EC0-301F-11D3-BF4B-00C04F79EFBC}") = "WindowsAppPubs", "WindowsAppPubs\WindowsAppPubs.csproj", "{25315A8C-A3ED-4F3C-9C33-828905E0B415}"
EndProject
Global
	GlobalSection(SolutionConfigurationPlatforms) = preSolution
		Debug|Any CPU = Debug|Any CPU
		Release|Any CPU = Release|Any CPU
	EndGlobalSection
	GlobalSection(ProjectConfigurationPlatforms) = postSolution
		{9A223193-BAC7-4A62-9F05-60801EE2BE25}.Debug|Any CPU.ActiveCfg = Debug|Any CPU
		{9A223193-BAC7-4A62-9F05-60801EE2BE25}.Debug|Any CPU.Build.0 = Debug|Any CPU
		{9A223193-BAC7-4A62-9F05-60801EE2BE25}.Release|Any CPU.ActiveCfg = Release|Any CPU
		{9A223193-BAC7-4A62-9F05-60801EE2BE25}.Release|Any CPU.Build.0 = Release|Any CPU
		{535E3034-2490-43D8-AF3F-79AD663C3B3F}.Debug|Any CPU.ActiveCfg = Debug|Any CPU
		{535E3034-2490-43D8-AF3F-79AD663C3B3F}.Debug|Any CPU.Build.0 = Debug|Any CPU
		{535E3034-2490-43D8-AF3F-79AD663C3B3F}.Release|Any CPU.ActiveCfg = Release|Any CPU
		{535E3034-2490-43D8-AF3F-79AD663C3B3F}.Release|Any CPU.Build.0 = Release|Any CPU
		{25315A8C-A3ED-4F3C-9C33-828905E0B415}.Debug|Any CPU.ActiveCfg = Debug|Any CPU
		{25315A8C-A3ED-4F3C-9C33-828905E0B415}.Debug|Any CPU.Build.0 = Debug|Any CPU
		{25315A8C-A3ED-4F3C-9C33-828905E0B415}.Release|Any CPU.ActiveCfg = Release|Any CPU
		{25315A8C-A3ED-4F3C-9C33-828905E0B415}.Release|Any CPU.Build.0 = Release|Any CPU
	EndGlobalSection
	GlobalSection(SolutionProperties) = preSolution
		HideSolutionNode = FALSE
	EndGlobalSection
	GlobalSection(ExtensibilityGlobals) = postSolution
		SolutionGuid = {5931558A-73E2-4629-ACD8-3A173F3D9830}
	EndGlobalSection
EndGlobal
