
Microsoft Visual Studio Solution File, Format Version 12.00
# Visual Studio Version 17
VisualStudioVersion = 17.3.32929.385
MinimumVisualStudioVersion = 10.0.40219.1
Project("{FAE04EC0-301F-11D3-BF4B-00C04F79EFBC}") = "Ejercicio Final", "Ejercicio Final\Ejercicio Final.csproj", "{05805325-FBEF-4360-BEB6-94AA4249B6FC}"
EndProject
Project("{FAE04EC0-301F-11D3-BF4B-00C04F79EFBC}") = "LibreriaEmpleado", "LibreriaEmpleado\LibreriaEmpleado.csproj", "{142A11A7-0BD2-4BA6-AC8B-7337C0E56AC6}"
EndProject
Project("{FAE04EC0-301F-11D3-BF4B-00C04F79EFBC}") = "WindowsEmpleados", "WindowsEmpleados\WindowsEmpleados.csproj", "{3A92A0EE-27A1-4DA7-B728-6C772A99008D}"
EndProject
Global
	GlobalSection(SolutionConfigurationPlatforms) = preSolution
		Debug|Any CPU = Debug|Any CPU
		Release|Any CPU = Release|Any CPU
	EndGlobalSection
	GlobalSection(ProjectConfigurationPlatforms) = postSolution
		{05805325-FBEF-4360-BEB6-94AA4249B6FC}.Debug|Any CPU.ActiveCfg = Debug|Any CPU
		{05805325-FBEF-4360-BEB6-94AA4249B6FC}.Debug|Any CPU.Build.0 = Debug|Any CPU
		{05805325-FBEF-4360-BEB6-94AA4249B6FC}.Release|Any CPU.ActiveCfg = Release|Any CPU
		{05805325-FBEF-4360-BEB6-94AA4249B6FC}.Release|Any CPU.Build.0 = Release|Any CPU
		{142A11A7-0BD2-4BA6-AC8B-7337C0E56AC6}.Debug|Any CPU.ActiveCfg = Debug|Any CPU
		{142A11A7-0BD2-4BA6-AC8B-7337C0E56AC6}.Debug|Any CPU.Build.0 = Debug|Any CPU
		{142A11A7-0BD2-4BA6-AC8B-7337C0E56AC6}.Release|Any CPU.ActiveCfg = Release|Any CPU
		{142A11A7-0BD2-4BA6-AC8B-7337C0E56AC6}.Release|Any CPU.Build.0 = Release|Any CPU
		{3A92A0EE-27A1-4DA7-B728-6C772A99008D}.Debug|Any CPU.ActiveCfg = Debug|Any CPU
		{3A92A0EE-27A1-4DA7-B728-6C772A99008D}.Debug|Any CPU.Build.0 = Debug|Any CPU
		{3A92A0EE-27A1-4DA7-B728-6C772A99008D}.Release|Any CPU.ActiveCfg = Release|Any CPU
		{3A92A0EE-27A1-4DA7-B728-6C772A99008D}.Release|Any CPU.Build.0 = Release|Any CPU
	EndGlobalSection
	GlobalSection(SolutionProperties) = preSolution
		HideSolutionNode = FALSE
	EndGlobalSection
	GlobalSection(ExtensibilityGlobals) = postSolution
		SolutionGuid = {8BB73900-5CA2-44A3-BA6A-6E48C6BC2BD0}
	EndGlobalSection
EndGlobal
