
Microsoft Visual Studio Solution File, Format Version 12.00
# Visual Studio Version 17
VisualStudioVersion = 17.3.32929.385
MinimumVisualStudioVersion = 10.0.40219.1
Project("{FAE04EC0-301F-11D3-BF4B-00C04F79EFBC}") = "Entidades", "Entidades\Entidades.csproj", "{B6A02586-9B5A-4535-85CE-8A0D96AA950C}"
EndProject
Project("{FAE04EC0-301F-11D3-BF4B-00C04F79EFBC}") = "WindowsPresentacion", "WindowsPresentacion\WindowsPresentacion.csproj", "{7044AE67-44E2-41BE-AFC6-3997B1B2B802}"
EndProject
Project("{FAE04EC0-301F-11D3-BF4B-00C04F79EFBC}") = "NegocioDatos", "NegocioDatos\NegocioDatos.csproj", "{EBF2C347-676C-4243-B1EA-927E44700615}"
EndProject
Global
	GlobalSection(SolutionConfigurationPlatforms) = preSolution
		Debug|Any CPU = Debug|Any CPU
		Release|Any CPU = Release|Any CPU
	EndGlobalSection
	GlobalSection(ProjectConfigurationPlatforms) = postSolution
		{B6A02586-9B5A-4535-85CE-8A0D96AA950C}.Debug|Any CPU.ActiveCfg = Debug|Any CPU
		{B6A02586-9B5A-4535-85CE-8A0D96AA950C}.Debug|Any CPU.Build.0 = Debug|Any CPU
		{B6A02586-9B5A-4535-85CE-8A0D96AA950C}.Release|Any CPU.ActiveCfg = Release|Any CPU
		{B6A02586-9B5A-4535-85CE-8A0D96AA950C}.Release|Any CPU.Build.0 = Release|Any CPU
		{7044AE67-44E2-41BE-AFC6-3997B1B2B802}.Debug|Any CPU.ActiveCfg = Debug|Any CPU
		{7044AE67-44E2-41BE-AFC6-3997B1B2B802}.Debug|Any CPU.Build.0 = Debug|Any CPU
		{7044AE67-44E2-41BE-AFC6-3997B1B2B802}.Release|Any CPU.ActiveCfg = Release|Any CPU
		{7044AE67-44E2-41BE-AFC6-3997B1B2B802}.Release|Any CPU.Build.0 = Release|Any CPU
		{EBF2C347-676C-4243-B1EA-927E44700615}.Debug|Any CPU.ActiveCfg = Debug|Any CPU
		{EBF2C347-676C-4243-B1EA-927E44700615}.Debug|Any CPU.Build.0 = Debug|Any CPU
		{EBF2C347-676C-4243-B1EA-927E44700615}.Release|Any CPU.ActiveCfg = Release|Any CPU
		{EBF2C347-676C-4243-B1EA-927E44700615}.Release|Any CPU.Build.0 = Release|Any CPU
	EndGlobalSection
	GlobalSection(SolutionProperties) = preSolution
		HideSolutionNode = FALSE
	EndGlobalSection
	GlobalSection(ExtensibilityGlobals) = postSolution
		SolutionGuid = {571A834D-F265-4170-A904-C20155F74CF3}
	EndGlobalSection
EndGlobal
